
Microsoft Visual Studio Solution File, Format Version 10.00
# Visual Studio 2008
Project("{8BC9CEB8-8B4A-11D0-8D11-00A0C91BC942}") = "MagicCube", "MagicCube\MagicCube.vcproj", "{DFB3E29F-7AF4-41CA-8137-B8FC70D76DDC}"
EndProject
Global
	GlobalSection(SolutionConfigurationPlatforms) = preSolution
		Debug|Win32 = Debug|Win32
		Release|Win32 = Release|Win32
	EndGlobalSection
	GlobalSection(ProjectConfigurationPlatforms) = postSolution
		{DFB3E29F-7AF4-41CA-8137-B8FC70D76DDC}.Debug|Win32.ActiveCfg = Debug|Win32
		{DFB3E29F-7AF4-41CA-8137-B8FC70D76DDC}.Debug|Win32.Build.0 = Debug|Win32
		{DFB3E29F-7AF4-41CA-8137-B8FC70D76DDC}.Release|Win32.ActiveCfg = Release|Win32
		{DFB3E29F-7AF4-41CA-8137-B8FC70D76DDC}.Release|Win32.Build.0 = Release|Win32
	EndGlobalSection
	GlobalSection(SolutionProperties) = preSolution
		HideSolutionNode = FALSE
	EndGlobalSection
EndGlobal
